// !$*UTF8*$!
{
	archiveVersion = 1;
	classes = {
	};
	objectVersion = 46;
	objects = {

/* Begin PBXBuildFile section */
		B73041981A766DE200C2BB4E /* Default.m in Sources */ = {isa = PBXBuildFile; fileRef = B73041971A766DE200C2BB4E /* Default.m */; };
		B76CFCAB1A6E613100D99161 /* Images in Resources */ = {isa = PBXBuildFile; fileRef = B76CFCAA1A6E613100D99161 /* Images */; };
		DC412D701A6D34C200C3AF05 /* chickenDetails.m in Sources */ = {isa = PBXBuildFile; fileRef = DC412D6F1A6D34C200C3AF05 /* chickenDetails.m */; };
		DCEAD3B51A6D1966004EA87D /* Foundation.framework in Frameworks */ = {isa = PBXBuildFile; fileRef = DCEAD3B41A6D1966004EA87D /* Foundation.framework */; };
		DCEAD3B71A6D1966004EA87D /* CoreGraphics.framework in Frameworks */ = {isa = PBXBuildFile; fileRef = DCEAD3B61A6D1966004EA87D /* CoreGraphics.framework */; };
		DCEAD3B91A6D1966004EA87D /* UIKit.framework in Frameworks */ = {isa = PBXBuildFile; fileRef = DCEAD3B81A6D1966004EA87D /* UIKit.framework */; };
		DCEAD3BF1A6D1966004EA87D /* InfoPlist.strings in Resources */ = {isa = PBXBuildFile; fileRef = DCEAD3BD1A6D1966004EA87D /* InfoPlist.strings */; };
		DCEAD3C11A6D1966004EA87D /* main.m in Sources */ = {isa = PBXBuildFile; fileRef = DCEAD3C01A6D1966004EA87D /* main.m */; };
		DCEAD3C51A6D1966004EA87D /* AppDelegate.m in Sources */ = {isa = PBXBuildFile; fileRef = DCEAD3C41A6D1966004EA87D /* AppDelegate.m */; };
		DCEAD3C81A6D1966004EA87D /* Main.storyboard in Resources */ = {isa = PBXBuildFile; fileRef = DCEAD3C61A6D1966004EA87D /* Main.storyboard */; };
		DCEAD3CB1A6D1966004EA87D /* ViewController.m in Sources */ = {isa = PBXBuildFile; fileRef = DCEAD3CA1A6D1966004EA87D /* ViewController.m */; };
		DCEAD3CD1A6D1966004EA87D /* Images.xcassets in Resources */ = {isa = PBXBuildFile; fileRef = DCEAD3CC1A6D1966004EA87D /* Images.xcassets */; };
		DCEAD3D41A6D1966004EA87D /* XCTest.framework in Frameworks */ = {isa = PBXBuildFile; fileRef = DCEAD3D31A6D1966004EA87D /* XCTest.framework */; };
		DCEAD3D51A6D1966004EA87D /* Foundation.framework in Frameworks */ = {isa = PBXBuildFile; fileRef = DCEAD3B41A6D1966004EA87D /* Foundation.framework */; };
		DCEAD3D61A6D1966004EA87D /* UIKit.framework in Frameworks */ = {isa = PBXBuildFile; fileRef = DCEAD3B81A6D1966004EA87D /* UIKit.framework */; };
		DCEAD3DE1A6D1966004EA87D /* InfoPlist.strings in Resources */ = {isa = PBXBuildFile; fileRef = DCEAD3DC1A6D1966004EA87D /* InfoPlist.strings */; };
		DCEAD3E01A6D1966004EA87D /* Lucky_ChickenTests.m in Sources */ = {isa = PBXBuildFile; fileRef = DCEAD3DF1A6D1966004EA87D /* Lucky_ChickenTests.m */; };
		DCEAD3EA1A6D1CC7004EA87D /* chickens.json in Resources */ = {isa = PBXBuildFile; fileRef = DCEAD3E91A6D1CC7004EA87D /* chickens.json */; };
/* End PBXBuildFile section */

/* Begin PBXContainerItemProxy section */
		DCEAD3D71A6D1966004EA87D /* PBXContainerItemProxy */ = {
			isa = PBXContainerItemProxy;
			containerPortal = DCEAD3A91A6D1966004EA87D /* Project object */;
			proxyType = 1;
			remoteGlobalIDString = DCEAD3B01A6D1966004EA87D;
			remoteInfo = "Lucky Chicken";
		};
/* End PBXContainerItemProxy section */

/* Begin PBXFileReference section */
		B73041961A766DB200C2BB4E /* Default.h */ = {isa = PBXFileReference; fileEncoding = 4; lastKnownFileType = sourcecode.c.h; name = Default.h; path = ../Default.h; sourceTree = "<group>"; };
		B73041971A766DE200C2BB4E /* Default.m */ = {isa = PBXFileReference; fileEncoding = 4; lastKnownFileType = sourcecode.c.objc; name = Default.m; path = ../Default.m; sourceTree = "<group>"; };
		B76CFCAA1A6E613100D99161 /* Images */ = {isa = PBXFileReference; lastKnownFileType = folder; path = Images; sourceTree = "<group>"; };
		DC412D6E1A6D34C200C3AF05 /* chickenDetails.h */ = {isa = PBXFileReference; fileEncoding = 4; lastKnownFileType = sourcecode.c.h; path = chickenDetails.h; sourceTree = "<group>"; };
		DC412D6F1A6D34C200C3AF05 /* chickenDetails.m */ = {isa = PBXFileReference; fileEncoding = 4; lastKnownFileType = sourcecode.c.objc; path = chickenDetails.m; sourceTree = "<group>"; };
		DCEAD3B11A6D1966004EA87D /* Lucky Chicken.app */ = {isa = PBXFileReference; explicitFileType = wrapper.application; includeInIndex = 0; path = "Lucky Chicken.app"; sourceTree = BUILT_PRODUCTS_DIR; };
		DCEAD3B41A6D1966004EA87D /* Foundation.framework */ = {isa = PBXFileReference; lastKnownFileType = wrapper.framework; name = Foundation.framework; path = System/Library/Frameworks/Foundation.framework; sourceTree = SDKROOT; };
		DCEAD3B61A6D1966004EA87D /* CoreGraphics.framework */ = {isa = PBXFileReference; lastKnownFileType = wrapper.framework; name = CoreGraphics.framework; path = System/Library/Frameworks/CoreGraphics.framework; sourceTree = SDKROOT; };
		DCEAD3B81A6D1966004EA87D /* UIKit.framework */ = {isa = PBXFileReference; lastKnownFileType = wrapper.framework; name = UIKit.framework; path = System/Library/Frameworks/UIKit.framework; sourceTree = SDKROOT; };
		DCEAD3BC1A6D1966004EA87D /* Lucky Chicken-Info.plist */ = {isa = PBXFileReference; lastKnownFileType = text.plist.xml; path = "Lucky Chicken-Info.plist"; sourceTree = "<group>"; };
		DCEAD3BE1A6D1966004EA87D /* en */ = {isa = PBXFileReference; lastKnownFileType = text.plist.strings; name = en; path = en.lproj/InfoPlist.strings; sourceTree = "<group>"; };
		DCEAD3C01A6D1966004EA87D /* main.m */ = {isa = PBXFileReference; lastKnownFileType = sourcecode.c.objc; path = main.m; sourceTree = "<group>"; };
		DCEAD3C21A6D1966004EA87D /* Lucky Chicken-Prefix.pch */ = {isa = PBXFileReference; lastKnownFileType = sourcecode.c.h; path = "Lucky Chicken-Prefix.pch"; sourceTree = "<group>"; };
		DCEAD3C31A6D1966004EA87D /* AppDelegate.h */ = {isa = PBXFileReference; lastKnownFileType = sourcecode.c.h; path = AppDelegate.h; sourceTree = "<group>"; };
		DCEAD3C41A6D1966004EA87D /* AppDelegate.m */ = {isa = PBXFileReference; lastKnownFileType = sourcecode.c.objc; path = AppDelegate.m; sourceTree = "<group>"; };
		DCEAD3C71A6D1966004EA87D /* Base */ = {isa = PBXFileReference; lastKnownFileType = file.storyboard; name = Base; path = Base.lproj/Main.storyboard; sourceTree = "<group>"; };
		DCEAD3C91A6D1966004EA87D /* ViewController.h */ = {isa = PBXFileReference; lastKnownFileType = sourcecode.c.h; path = ViewController.h; sourceTree = "<group>"; };
		DCEAD3CA1A6D1966004EA87D /* ViewController.m */ = {isa = PBXFileReference; lastKnownFileType = sourcecode.c.objc; path = ViewController.m; sourceTree = "<group>"; };
		DCEAD3CC1A6D1966004EA87D /* Images.xcassets */ = {isa = PBXFileReference; lastKnownFileType = folder.assetcatalog; path = Images.xcassets; sourceTree = "<group>"; };
		DCEAD3D21A6D1966004EA87D /* Lucky ChickenTests.xctest */ = {isa = PBXFileReference; explicitFileType = wrapper.cfbundle; includeInIndex = 0; path = "Lucky ChickenTests.xctest"; sourceTree = BUILT_PRODUCTS_DIR; };
		DCEAD3D31A6D1966004EA87D /* XCTest.framework */ = {isa = PBXFileReference; lastKnownFileType = wrapper.framework; name = XCTest.framework; path = Library/Frameworks/XCTest.framework; sourceTree = DEVELOPER_DIR; };
		DCEAD3DB1A6D1966004EA87D /* Lucky ChickenTests-Info.plist */ = {isa = PBXFileReference; lastKnownFileType = text.plist.xml; path = "Lucky ChickenTests-Info.plist"; sourceTree = "<group>"; };
		DCEAD3DD1A6D1966004EA87D /* en */ = {isa = PBXFileReference; lastKnownFileType = text.plist.strings; name = en; path = en.lproj/InfoPlist.strings; sourceTree = "<group>"; };
		DCEAD3DF1A6D1966004EA87D /* Lucky_ChickenTests.m */ = {isa = PBXFileReference; lastKnownFileType = sourcecode.c.objc; path = Lucky_ChickenTests.m; sourceTree = "<group>"; };
		DCEAD3E91A6D1CC7004EA87D /* chickens.json */ = {isa = PBXFileReference; fileEncoding = 4; lastKnownFileType = text.json; path = chickens.json; sourceTree = "<group>"; };
/* End PBXFileReference section */

/* Begin PBXFrameworksBuildPhase section */
		DCEAD3AE1A6D1966004EA87D /* Frameworks */ = {
			isa = PBXFrameworksBuildPhase;
			buildActionMask = 2147483647;
			files = (
				DCEAD3B71A6D1966004EA87D /* CoreGraphics.framework in Frameworks */,
				DCEAD3B91A6D1966004EA87D /* UIKit.framework in Frameworks */,
				DCEAD3B51A6D1966004EA87D /* Foundation.framework in Frameworks */,
			);
			runOnlyForDeploymentPostprocessing = 0;
		};
		DCEAD3CF1A6D1966004EA87D /* Frameworks */ = {
			isa = PBXFrameworksBuildPhase;
			buildActionMask = 2147483647;
			files = (
				DCEAD3D41A6D1966004EA87D /* XCTest.framework in Frameworks */,
				DCEAD3D61A6D1966004EA87D /* UIKit.framework in Frameworks */,
				DCEAD3D51A6D1966004EA87D /* Foundation.framework in Frameworks */,
			);
			runOnlyForDeploymentPostprocessing = 0;
		};
/* End PBXFrameworksBuildPhase section */

/* Begin PBXGroup section */
		DCEAD3A81A6D1966004EA87D = {
			isa = PBXGroup;
			children = (
				B76CFCAA1A6E613100D99161 /* Images */,
				DCEAD3BA1A6D1966004EA87D /* Lucky Chicken */,
				DCEAD3D91A6D1966004EA87D /* Lucky ChickenTests */,
				DCEAD3B31A6D1966004EA87D /* Frameworks */,
				DCEAD3B21A6D1966004EA87D /* Products */,
			);
			sourceTree = "<group>";
		};
		DCEAD3B21A6D1966004EA87D /* Products */ = {
			isa = PBXGroup;
			children = (
				DCEAD3B11A6D1966004EA87D /* Lucky Chicken.app */,
				DCEAD3D21A6D1966004EA87D /* Lucky ChickenTests.xctest */,
			);
			name = Products;
			sourceTree = "<group>";
		};
		DCEAD3B31A6D1966004EA87D /* Frameworks */ = {
			isa = PBXGroup;
			children = (
				DCEAD3B41A6D1966004EA87D /* Foundation.framework */,
				DCEAD3B61A6D1966004EA87D /* CoreGraphics.framework */,
				DCEAD3B81A6D1966004EA87D /* UIKit.framework */,
				DCEAD3D31A6D1966004EA87D /* XCTest.framework */,
			);
			name = Frameworks;
			sourceTree = "<group>";
		};
		DCEAD3BA1A6D1966004EA87D /* Lucky Chicken */ = {
			isa = PBXGroup;
			children = (
				DCEAD3C31A6D1966004EA87D /* AppDelegate.h */,
				DCEAD3C41A6D1966004EA87D /* AppDelegate.m */,
				DCEAD3C61A6D1966004EA87D /* Main.storyboard */,
				B73041961A766DB200C2BB4E /* Default.h */,
				B73041971A766DE200C2BB4E /* Default.m */,
				DC412D6E1A6D34C200C3AF05 /* chickenDetails.h */,
				DC412D6F1A6D34C200C3AF05 /* chickenDetails.m */,
				DCEAD3C91A6D1966004EA87D /* ViewController.h */,
				DCEAD3CA1A6D1966004EA87D /* ViewController.m */,
				DCEAD3E91A6D1CC7004EA87D /* chickens.json */,
				DCEAD3CC1A6D1966004EA87D /* Images.xcassets */,
				DCEAD3BB1A6D1966004EA87D /* Supporting Files */,
			);
			path = "Lucky Chicken";
			sourceTree = "<group>";
		};
		DCEAD3BB1A6D1966004EA87D /* Supporting Files */ = {
			isa = PBXGroup;
			children = (
				DCEAD3BC1A6D1966004EA87D /* Lucky Chicken-Info.plist */,
				DCEAD3BD1A6D1966004EA87D /* InfoPlist.strings */,
				DCEAD3C01A6D1966004EA87D /* main.m */,
				DCEAD3C21A6D1966004EA87D /* Lucky Chicken-Prefix.pch */,
			);
			name = "Supporting Files";
			sourceTree = "<group>";
		};
		DCEAD3D91A6D1966004EA87D /* Lucky ChickenTests */ = {
			isa = PBXGroup;
			children = (
				DCEAD3DF1A6D1966004EA87D /* Lucky_ChickenTests.m */,
				DCEAD3DA1A6D1966004EA87D /* Supporting Files */,
			);
			path = "Lucky ChickenTests";
			sourceTree = "<group>";
		};
		DCEAD3DA1A6D1966004EA87D /* Supporting Files */ = {
			isa = PBXGroup;
			children = (
				DCEAD3DB1A6D1966004EA87D /* Lucky ChickenTests-Info.plist */,
				DCEAD3DC1A6D1966004EA87D /* InfoPlist.strings */,
			);
			name = "Supporting Files";
			sourceTree = "<group>";
		};
/* End PBXGroup section */

/* Begin PBXNativeTarget section */
		DCEAD3B01A6D1966004EA87D /* Lucky Chicken */ = {
			isa = PBXNativeTarget;
			buildConfigurationList = DCEAD3E31A6D1966004EA87D /* Build configuration list for PBXNativeTarget "Lucky Chicken" */;
			buildPhases = (
				DCEAD3AD1A6D1966004EA87D /* Sources */,
				DCEAD3AE1A6D1966004EA87D /* Frameworks */,
				DCEAD3AF1A6D1966004EA87D /* Resources */,
			);
			buildRules = (
			);
			dependencies = (
			);
			name = "Lucky Chicken";
			productName = "Lucky Chicken";
			productReference = DCEAD3B11A6D1966004EA87D /* Lucky Chicken.app */;
			productType = "com.apple.product-type.application";
		};
		DCEAD3D11A6D1966004EA87D /* Lucky ChickenTests */ = {
			isa = PBXNativeTarget;
			buildConfigurationList = DCEAD3E61A6D1966004EA87D /* Build configuration list for PBXNativeTarget "Lucky ChickenTests" */;
			buildPhases = (
				DCEAD3CE1A6D1966004EA87D /* Sources */,
				DCEAD3CF1A6D1966004EA87D /* Frameworks */,
				DCEAD3D01A6D1966004EA87D /* Resources */,
			);
			buildRules = (
			);
			dependencies = (
				DCEAD3D81A6D1966004EA87D /* PBXTargetDependency */,
			);
			name = "Lucky ChickenTests";
			productName = "Lucky ChickenTests";
			productReference = DCEAD3D21A6D1966004EA87D /* Lucky ChickenTests.xctest */;
			productType = "com.apple.product-type.bundle.unit-test";
		};
/* End PBXNativeTarget section */

/* Begin PBXProject section */
		DCEAD3A91A6D1966004EA87D /* Project object */ = {
			isa = PBXProject;
			attributes = {
				LastUpgradeCheck = 0510;
				ORGANIZATIONNAME = Avialdo;
				TargetAttributes = {
					DCEAD3D11A6D1966004EA87D = {
						TestTargetID = DCEAD3B01A6D1966004EA87D;
					};
				};
			};
			buildConfigurationList = DCEAD3AC1A6D1966004EA87D /* Build configuration list for PBXProject "Lucky Chicken" */;
			compatibilityVersion = "Xcode 3.2";
			developmentRegion = English;
			hasScannedForEncodings = 0;
			knownRegions = (
				en,
				Base,
			);
			mainGroup = DCEAD3A81A6D1966004EA87D;
			productRefGroup = DCEAD3B21A6D1966004EA87D /* Products */;
			projectDirPath = "";
			projectRoot = "";
			targets = (
				DCEAD3B01A6D1966004EA87D /* Lucky Chicken */,
				DCEAD3D11A6D1966004EA87D /* Lucky ChickenTests */,
			);
		};
/* End PBXProject section */

/* Begin PBXResourcesBuildPhase section */
		DCEAD3AF1A6D1966004EA87D /* Resources */ = {
			isa = PBXResourcesBuildPhase;
			buildActionMask = 2147483647;
			files = (
				B76CFCAB1A6E613100D99161 /* Images in Resources */,
				DCEAD3EA1A6D1CC7004EA87D /* chickens.json in Resources */,
				DCEAD3CD1A6D1966004EA87D /* Images.xcassets in Resources */,
				DCEAD3BF1A6D1966004EA87D /* InfoPlist.strings in Resources */,
				DCEAD3C81A6D1966004EA87D /* Main.storyboard in Resources */,
			);
			runOnlyForDeploymentPostprocessing = 0;
		};
		DCEAD3D01A6D1966004EA87D /* Resources */ = {
			isa = PBXResourcesBuildPhase;
			buildActionMask = 2147483647;
			files = (
				DCEAD3DE1A6D1966004EA87D /* InfoPlist.strings in Resources */,
			);
			runOnlyForDeploymentPostprocessing = 0;
		};
/* End PBXResourcesBuildPhase section */

/* Begin PBXSourcesBuildPhase section */
		DCEAD3AD1A6D1966004EA87D /* Sources */ = {
			isa = PBXSourcesBuildPhase;
			buildActionMask = 2147483647;
			files = (
				B73041981A766DE200C2BB4E /* Default.m in Sources */,
				DCEAD3CB1A6D1966004EA87D /* ViewController.m in Sources */,
				DCEAD3C51A6D1966004EA87D /* AppDelegate.m in Sources */,
				DC412D701A6D34C200C3AF05 /* chickenDetails.m in Sources */,
				DCEAD3C11A6D1966004EA87D /* main.m in Sources */,
			);
			runOnlyForDeploymentPostprocessing = 0;
		};
		DCEAD3CE1A6D1966004EA87D /* Sources */ = {
			isa = PBXSourcesBuildPhase;
			buildActionMask = 2147483647;
			files = (
				DCEAD3E01A6D1966004EA87D /* Lucky_ChickenTests.m in Sources */,
			);
			runOnlyForDeploymentPostprocessing = 0;
		};
/* End PBXSourcesBuildPhase section */

/* Begin PBXTargetDependency section */
		DCEAD3D81A6D1966004EA87D /* PBXTargetDependency */ = {
			isa = PBXTargetDependency;
			target = DCEAD3B01A6D1966004EA87D /* Lucky Chicken */;
			targetProxy = DCEAD3D71A6D1966004EA87D /* PBXContainerItemProxy */;
		};
/* End PBXTargetDependency section */

/* Begin PBXVariantGroup section */
		DCEAD3BD1A6D1966004EA87D /* InfoPlist.strings */ = {
			isa = PBXVariantGroup;
			children = (
				DCEAD3BE1A6D1966004EA87D /* en */,
			);
			name = InfoPlist.strings;
			sourceTree = "<group>";
		};
		DCEAD3C61A6D1966004EA87D /* Main.storyboard */ = {
			isa = PBXVariantGroup;
			children = (
				DCEAD3C71A6D1966004EA87D /* Base */,
			);
			name = Main.storyboard;
			sourceTree = "<group>";
		};
		DCEAD3DC1A6D1966004EA87D /* InfoPlist.strings */ = {
			isa = PBXVariantGroup;
			children = (
				DCEAD3DD1A6D1966004EA87D /* en */,
			);
			name = InfoPlist.strings;
			sourceTree = "<group>";
		};
/* End PBXVariantGroup section */

/* Begin XCBuildConfiguration section */
		DCEAD3E11A6D1966004EA87D /* Debug */ = {
			isa = XCBuildConfiguration;
			buildSettings = {
				ALWAYS_SEARCH_USER_PATHS = NO;
				CLANG_CXX_LANGUAGE_STANDARD = "gnu++0x";
				CLANG_CXX_LIBRARY = "libc++";
				CLANG_ENABLE_MODULES = YES;
				CLANG_ENABLE_OBJC_ARC = YES;
				CLANG_WARN_BOOL_CONVERSION = YES;
				CLANG_WARN_CONSTANT_CONVERSION = YES;
				CLANG_WARN_DIRECT_OBJC_ISA_USAGE = YES_ERROR;
				CLANG_WARN_EMPTY_BODY = YES;
				CLANG_WARN_ENUM_CONVERSION = YES;
				CLANG_WARN_INT_CONVERSION = YES;
				CLANG_WARN_OBJC_ROOT_CLASS = YES_ERROR;
				CLANG_WARN__DUPLICATE_METHOD_MATCH = YES;
				"CODE_SIGN_IDENTITY[sdk=iphoneos*]" = "iPhone Developer";
				COPY_PHASE_STRIP = NO;
				GCC_C_LANGUAGE_STANDARD = gnu99;
				GCC_DYNAMIC_NO_PIC = NO;
				GCC_OPTIMIZATION_LEVEL = 0;
				GCC_PREPROCESSOR_DEFINITIONS = (
					"DEBUG=1",
					"$(inherited)",
				);
				GCC_SYMBOLS_PRIVATE_EXTERN = NO;
				GCC_WARN_64_TO_32_BIT_CONVERSION = YES;
				GCC_WARN_ABOUT_RETURN_TYPE = YES_ERROR;
				GCC_WARN_UNDECLARED_SELECTOR = YES;
				GCC_WARN_UNINITIALIZED_AUTOS = YES_AGGRESSIVE;
				GCC_WARN_UNUSED_FUNCTION = YES;
				GCC_WARN_UNUSED_VARIABLE = YES;
				IPHONEOS_DEPLOYMENT_TARGET = 7.1;
				ONLY_ACTIVE_ARCH = YES;
				SDKROOT = iphoneos;
			};
			name = Debug;
		};
		DCEAD3E21A6D1966004EA87D /* Release */ = {
			isa = XCBuildConfiguration;
			buildSettings = {
				ALWAYS_SEARCH_USER_PATHS = NO;
				CLANG_CXX_LANGUAGE_STANDARD = "gnu++0x";
				CLANG_CXX_LIBRARY = "libc++";
				CLANG_ENABLE_MODULES = YES;
				CLANG_ENABLE_OBJC_ARC = YES;
				CLANG_WARN_BOOL_CONVERSION = YES;
				CLANG_WARN_CONSTANT_CONVERSION = YES;
				CLANG_WARN_DIRECT_OBJC_ISA_USAGE = YES_ERROR;
				CLANG_WARN_EMPTY_BODY = YES;
				CLANG_WARN_ENUM_CONVERSION = YES;
				CLANG_WARN_INT_CONVERSION = YES;
				CLANG_WARN_OBJC_ROOT_CLASS = YES_ERROR;
				CLANG_WARN__DUPLICATE_METHOD_MATCH = YES;
				"CODE_SIGN_IDENTITY[sdk=iphoneos*]" = "iPhone Developer";
				COPY_PHASE_STRIP = YES;
				ENABLE_NS_ASSERTIONS = NO;
				GCC_C_LANGUAGE_STANDARD = gnu99;
				GCC_WARN_64_TO_32_BIT_CONVERSION = YES;
				GCC_WARN_ABOUT_RETURN_TYPE = YES_ERROR;
				GCC_WARN_UNDECLARED_SELECTOR = YES;
				GCC_WARN_UNINITIALIZED_AUTOS = YES_AGGRESSIVE;
				GCC_WARN_UNUSED_FUNCTION = YES;
				GCC_WARN_UNUSED_VARIABLE = YES;
				IPHONEOS_DEPLOYMENT_TARGET = 7.1;
				SDKROOT = iphoneos;
				VALIDATE_PRODUCT = YES;
			};
			name = Release;
		};
		DCEAD3E41A6D1966004EA87D /* Debug */ = {
			isa = XCBuildConfiguration;
			buildSettings = {
				ASSETCATALOG_COMPILER_APPICON_NAME = AppIcon;
				ASSETCATALOG_COMPILER_LAUNCHIMAGE_NAME = LaunchImage;
				GCC_PRECOMPILE_PREFIX_HEADER = YES;
				GCC_PREFIX_HEADER = "Lucky Chicken/Lucky Chicken-Prefix.pch";
				INFOPLIST_FILE = "Lucky Chicken/Lucky Chicken-Info.plist";
				PRODUCT_NAME = "$(TARGET_NAME)";
				WRAPPER_EXTENSION = app;
			};
			name = Debug;
		};
		DCEAD3E51A6D1966004EA87D /* Release */ = {
			isa = XCBuildConfiguration;
			buildSettings = {
				ASSETCATALOG_COMPILER_APPICON_NAME = AppIcon;
				ASSETCATALOG_COMPILER_LAUNCHIMAGE_NAME = LaunchImage;
				GCC_PRECOMPILE_PREFIX_HEADER = YES;
				GCC_PREFIX_HEADER = "Lucky Chicken/Lucky Chicken-Prefix.pch";
				INFOPLIST_FILE = "Lucky Chicken/Lucky Chicken-Info.plist";
				PRODUCT_NAME = "$(TARGET_NAME)";
				WRAPPER_EXTENSION = app;
			};
			name = Release;
		};
		DCEAD3E71A6D1966004EA87D /* Debug */ = {
			isa = XCBuildConfiguration;
			buildSettings = {
				BUNDLE_LOADER = "$(BUILT_PRODUCTS_DIR)/Lucky Chicken.app/Lucky Chicken";
				FRAMEWORK_SEARCH_PATHS = (
					"$(SDKROOT)/Developer/Library/Frameworks",
					"$(inherited)",
					"$(DEVELOPER_FRAMEWORKS_DIR)",
				);
				GCC_PRECOMPILE_PREFIX_HEADER = YES;
				GCC_PREFIX_HEADER = "Lucky Chicken/Lucky Chicken-Prefix.pch";
				GCC_PREPROCESSOR_DEFINITIONS = (
					"DEBUG=1",
					"$(inherited)",
				);
				INFOPLIST_FILE = "Lucky ChickenTests/Lucky ChickenTests-Info.plist";
				PRODUCT_NAME = "$(TARGET_NAME)";
				TEST_HOST = "$(BUNDLE_LOADER)";
				WRAPPER_EXTENSION = xctest;
			};
			name = Debug;
		};
		DCEAD3E81A6D1966004EA87D /* Release */ = {
			isa = XCBuildConfiguration;
			buildSettings = {
				BUNDLE_LOADER = "$(BUILT_PRODUCTS_DIR)/Lucky Chicken.app/Lucky Chicken";
				FRAMEWORK_SEARCH_PATHS = (
					"$(SDKROOT)/Developer/Library/Frameworks",
					"$(inherited)",
					"$(DEVELOPER_FRAMEWORKS_DIR)",
				);
				GCC_PRECOMPILE_PREFIX_HEADER = YES;
				GCC_PREFIX_HEADER = "Lucky Chicken/Lucky Chicken-Prefix.pch";
				INFOPLIST_FILE = "Lucky ChickenTests/Lucky ChickenTests-Info.plist";
				PRODUCT_NAME = "$(TARGET_NAME)";
				TEST_HOST = "$(BUNDLE_LOADER)";
				WRAPPER_EXTENSION = xctest;
			};
			name = Release;
		};
/* End XCBuildConfiguration section */

/* Begin XCConfigurationList section */
		DCEAD3AC1A6D1966004EA87D /* Build configuration list for PBXProject "Lucky Chicken" */ = {
			isa = XCConfigurationList;
			buildConfigurations = (
				DCEAD3E11A6D1966004EA87D /* Debug */,
				DCEAD3E21A6D1966004EA87D /* Release */,
			);
			defaultConfigurationIsVisible = 0;
			defaultConfigurationName = Release;
		};
		DCEAD3E31A6D1966004EA87D /* Build configuration list for PBXNativeTarget "Lucky Chicken" */ = {
			isa = XCConfigurationList;
			buildConfigurations = (
				DCEAD3E41A6D1966004EA87D /* Debug */,
				DCEAD3E51A6D1966004EA87D /* Release */,
			);
			defaultConfigurationIsVisible = 0;
			defaultConfigurationName = Release;
		};
		DCEAD3E61A6D1966004EA87D /* Build configuration list for PBXNativeTarget "Lucky ChickenTests" */ = {
			isa = XCConfigurationList;
			buildConfigurations = (
				DCEAD3E71A6D1966004EA87D /* Debug */,
				DCEAD3E81A6D1966004EA87D /* Release */,
			);
			defaultConfigurationIsVisible = 0;
			defaultConfigurationName = Release;
		};
/* End XCConfigurationList section */
	};
	rootObject = DCEAD3A91A6D1966004EA87D /* Project object */;
}
